// !$*UTF8*$!
{
	archiveVersion = 1;
	classes = {
	};
	objectVersion = 50;
	objects = {

/* Begin PBXBuildFile section */
		656410C4236B9379006EF419 /* AppDelegate.swift in Sources */ = {isa = PBXBuildFile; fileRef = 656410C3236B9379006EF419 /* AppDelegate.swift */; };
		656410C9236B9379006EF419 /* Main.storyboard in Resources */ = {isa = PBXBuildFile; fileRef = 656410C7236B9379006EF419 /* Main.storyboard */; };
		656410CB236B937B006EF419 /* Assets.xcassets in Resources */ = {isa = PBXBuildFile; fileRef = 656410CA236B937B006EF419 /* Assets.xcassets */; };
		656410CE236B937B006EF419 /* LaunchScreen.storyboard in Resources */ = {isa = PBXBuildFile; fileRef = 656410CC236B937B006EF419 /* LaunchScreen.storyboard */; };
		656410D9236B937B006EF419 /* ios_projectTests.swift in Sources */ = {isa = PBXBuildFile; fileRef = 656410D8236B937B006EF419 /* ios_projectTests.swift */; };
		656410E4236B937B006EF419 /* ios_projectUITests.swift in Sources */ = {isa = PBXBuildFile; fileRef = 656410E3236B937B006EF419 /* ios_projectUITests.swift */; };
		656410F2236B9474006EF419 /* HomeViewController.swift in Sources */ = {isa = PBXBuildFile; fileRef = 656410F1236B9474006EF419 /* HomeViewController.swift */; };
/* End PBXBuildFile section */

/* Begin PBXContainerItemProxy section */
		656410D5236B937B006EF419 /* PBXContainerItemProxy */ = {
			isa = PBXContainerItemProxy;
			containerPortal = 656410B8236B9379006EF419 /* Project object */;
			proxyType = 1;
			remoteGlobalIDString = 656410BF236B9379006EF419;
			remoteInfo = "ios-project";
		};
		656410E0236B937B006EF419 /* PBXContainerItemProxy */ = {
			isa = PBXContainerItemProxy;
			containerPortal = 656410B8236B9379006EF419 /* Project object */;
			proxyType = 1;
			remoteGlobalIDString = 656410BF236B9379006EF419;
			remoteInfo = "ios-project";
		};
/* End PBXContainerItemProxy section */

/* Begin PBXFileReference section */
		656410C0236B9379006EF419 /* ios-project.app */ = {isa = PBXFileReference; explicitFileType = wrapper.application; includeInIndex = 0; path = "ios-project.app"; sourceTree = BUILT_PRODUCTS_DIR; };
		656410C3236B9379006EF419 /* AppDelegate.swift */ = {isa = PBXFileReference; lastKnownFileType = sourcecode.swift; path = AppDelegate.swift; sourceTree = "<group>"; };
		656410C8236B9379006EF419 /* Base */ = {isa = PBXFileReference; lastKnownFileType = file.storyboard; name = Base; path = Base.lproj/Main.storyboard; sourceTree = "<group>"; };
		656410CA236B937B006EF419 /* Assets.xcassets */ = {isa = PBXFileReference; lastKnownFileType = folder.assetcatalog; path = Assets.xcassets; sourceTree = "<group>"; };
		656410CD236B937B006EF419 /* Base */ = {isa = PBXFileReference; lastKnownFileType = file.storyboard; name = Base; path = Base.lproj/LaunchScreen.storyboard; sourceTree = "<group>"; };
		656410CF236B937B006EF419 /* Info.plist */ = {isa = PBXFileReference; lastKnownFileType = text.plist.xml; path = Info.plist; sourceTree = "<group>"; };
		656410D4236B937B006EF419 /* ios-projectTests.xctest */ = {isa = PBXFileReference; explicitFileType = wrapper.cfbundle; includeInIndex = 0; path = "ios-projectTests.xctest"; sourceTree = BUILT_PRODUCTS_DIR; };
		656410D8236B937B006EF419 /* ios_projectTests.swift */ = {isa = PBXFileReference; lastKnownFileType = sourcecode.swift; path = ios_projectTests.swift; sourceTree = "<group>"; };
		656410DA236B937B006EF419 /* Info.plist */ = {isa = PBXFileReference; lastKnownFileType = text.plist.xml; path = Info.plist; sourceTree = "<group>"; };
		656410DF236B937B006EF419 /* ios-projectUITests.xctest */ = {isa = PBXFileReference; explicitFileType = wrapper.cfbundle; includeInIndex = 0; path = "ios-projectUITests.xctest"; sourceTree = BUILT_PRODUCTS_DIR; };
		656410E3236B937B006EF419 /* ios_projectUITests.swift */ = {isa = PBXFileReference; lastKnownFileType = sourcecode.swift; path = ios_projectUITests.swift; sourceTree = "<group>"; };
		656410E5236B937B006EF419 /* Info.plist */ = {isa = PBXFileReference; lastKnownFileType = text.plist.xml; path = Info.plist; sourceTree = "<group>"; };
		656410F1236B9474006EF419 /* HomeViewController.swift */ = {isa = PBXFileReference; lastKnownFileType = sourcecode.swift; path = HomeViewController.swift; sourceTree = "<group>"; };
/* End PBXFileReference section */

/* Begin PBXFrameworksBuildPhase section */
		656410BD236B9379006EF419 /* Frameworks */ = {
			isa = PBXFrameworksBuildPhase;
			buildActionMask = 2147483647;
			files = (
			);
			runOnlyForDeploymentPostprocessing = 0;
		};
		656410D1236B937B006EF419 /* Frameworks */ = {
			isa = PBXFrameworksBuildPhase;
			buildActionMask = 2147483647;
			files = (
			);
			runOnlyForDeploymentPostprocessing = 0;
		};
		656410DC236B937B006EF419 /* Frameworks */ = {
			isa = PBXFrameworksBuildPhase;
			buildActionMask = 2147483647;
			files = (
			);
			runOnlyForDeploymentPostprocessing = 0;
		};
/* End PBXFrameworksBuildPhase section */

/* Begin PBXGroup section */
		656410B7236B9379006EF419 = {
			isa = PBXGroup;
			children = (
				656410C2236B9379006EF419 /* ios-project */,
				656410D7236B937B006EF419 /* ios-projectTests */,
				656410E2236B937B006EF419 /* ios-projectUITests */,
				656410C1236B9379006EF419 /* Products */,
			);
			sourceTree = "<group>";
		};
		656410C1236B9379006EF419 /* Products */ = {
			isa = PBXGroup;
			children = (
				656410C0236B9379006EF419 /* ios-project.app */,
				656410D4236B937B006EF419 /* ios-projectTests.xctest */,
				656410DF236B937B006EF419 /* ios-projectUITests.xctest */,
			);
			name = Products;
			sourceTree = "<group>";
		};
		656410C2236B9379006EF419 /* ios-project */ = {
			isa = PBXGroup;
			children = (
				656410C3236B9379006EF419 /* AppDelegate.swift */,
				656410C7236B9379006EF419 /* Main.storyboard */,
				656410F1236B9474006EF419 /* HomeViewController.swift */,
				656410CA236B937B006EF419 /* Assets.xcassets */,
				656410CC236B937B006EF419 /* LaunchScreen.storyboard */,
				656410CF236B937B006EF419 /* Info.plist */,
			);
			path = "ios-project";
			sourceTree = "<group>";
		};
		656410D7236B937B006EF419 /* ios-projectTests */ = {
			isa = PBXGroup;
			children = (
				656410D8236B937B006EF419 /* ios_projectTests.swift */,
				656410DA236B937B006EF419 /* Info.plist */,
			);
			path = "ios-projectTests";
			sourceTree = "<group>";
		};
		656410E2236B937B006EF419 /* ios-projectUITests */ = {
			isa = PBXGroup;
			children = (
				656410E3236B937B006EF419 /* ios_projectUITests.swift */,
				656410E5236B937B006EF419 /* Info.plist */,
			);
			path = "ios-projectUITests";
			sourceTree = "<group>";
		};
/* End PBXGroup section */

/* Begin PBXNativeTarget section */
		656410BF236B9379006EF419 /* ios-project */ = {
			isa = PBXNativeTarget;
			buildConfigurationList = 656410E8236B937B006EF419 /* Build configuration list for PBXNativeTarget "ios-project" */;
			buildPhases = (
				656410BC236B9379006EF419 /* Sources */,
				656410BD236B9379006EF419 /* Frameworks */,
				656410BE236B9379006EF419 /* Resources */,
			);
			buildRules = (
			);
			dependencies = (
			);
			name = "ios-project";
			productName = "ios-project";
			productReference = 656410C0236B9379006EF419 /* ios-project.app */;
			productType = "com.apple.product-type.application";
		};
		656410D3236B937B006EF419 /* ios-projectTests */ = {
			isa = PBXNativeTarget;
			buildConfigurationList = 656410EB236B937B006EF419 /* Build configuration list for PBXNativeTarget "ios-projectTests" */;
			buildPhases = (
				656410D0236B937B006EF419 /* Sources */,
				656410D1236B937B006EF419 /* Frameworks */,
				656410D2236B937B006EF419 /* Resources */,
			);
			buildRules = (
			);
			dependencies = (
				656410D6236B937B006EF419 /* PBXTargetDependency */,
			);
			name = "ios-projectTests";
			productName = "ios-projectTests";
			productReference = 656410D4236B937B006EF419 /* ios-projectTests.xctest */;
			productType = "com.apple.product-type.bundle.unit-test";
		};
		656410DE236B937B006EF419 /* ios-projectUITests */ = {
			isa = PBXNativeTarget;
			buildConfigurationList = 656410EE236B937B006EF419 /* Build configuration list for PBXNativeTarget "ios-projectUITests" */;
			buildPhases = (
				656410DB236B937B006EF419 /* Sources */,
				656410DC236B937B006EF419 /* Frameworks */,
				656410DD236B937B006EF419 /* Resources */,
			);
			buildRules = (
			);
			dependencies = (
				656410E1236B937B006EF419 /* PBXTargetDependency */,
			);
			name = "ios-projectUITests";
			productName = "ios-projectUITests";
			productReference = 656410DF236B937B006EF419 /* ios-projectUITests.xctest */;
			productType = "com.apple.product-type.bundle.ui-testing";
		};
/* End PBXNativeTarget section */

/* Begin PBXProject section */
		656410B8236B9379006EF419 /* Project object */ = {
			isa = PBXProject;
			attributes = {
				LastSwiftUpdateCheck = 0940;
				LastUpgradeCheck = 0940;
				ORGANIZATIONNAME = "Andrea Amezcua Moreno";
				TargetAttributes = {
					656410BF236B9379006EF419 = {
						CreatedOnToolsVersion = 9.4.1;
					};
					656410D3236B937B006EF419 = {
						CreatedOnToolsVersion = 9.4.1;
						TestTargetID = 656410BF236B9379006EF419;
					};
					656410DE236B937B006EF419 = {
						CreatedOnToolsVersion = 9.4.1;
						TestTargetID = 656410BF236B9379006EF419;
					};
				};
			};
			buildConfigurationList = 656410BB236B9379006EF419 /* Build configuration list for PBXProject "ios-project" */;
			compatibilityVersion = "Xcode 9.3";
			developmentRegion = en;
			hasScannedForEncodings = 0;
			knownRegions = (
				en,
				Base,
			);
			mainGroup = 656410B7236B9379006EF419;
			productRefGroup = 656410C1236B9379006EF419 /* Products */;
			projectDirPath = "";
			projectRoot = "";
			targets = (
				656410BF236B9379006EF419 /* ios-project */,
				656410D3236B937B006EF419 /* ios-projectTests */,
				656410DE236B937B006EF419 /* ios-projectUITests */,
			);
		};
/* End PBXProject section */

/* Begin PBXResourcesBuildPhase section */
		656410BE236B9379006EF419 /* Resources */ = {
			isa = PBXResourcesBuildPhase;
			buildActionMask = 2147483647;
			files = (
				656410CE236B937B006EF419 /* LaunchScreen.storyboard in Resources */,
				656410CB236B937B006EF419 /* Assets.xcassets in Resources */,
				656410C9236B9379006EF419 /* Main.storyboard in Resources */,
			);
			runOnlyForDeploymentPostprocessing = 0;
		};
		656410D2236B937B006EF419 /* Resources */ = {
			isa = PBXResourcesBuildPhase;
			buildActionMask = 2147483647;
			files = (
			);
			runOnlyForDeploymentPostprocessing = 0;
		};
		656410DD236B937B006EF419 /* Resources */ = {
			isa = PBXResourcesBuildPhase;
			buildActionMask = 2147483647;
			files = (
			);
			runOnlyForDeploymentPostprocessing = 0;
		};
/* End PBXResourcesBuildPhase section */

/* Begin PBXSourcesBuildPhase section */
		656410BC236B9379006EF419 /* Sources */ = {
			isa = PBXSourcesBuildPhase;
			buildActionMask = 2147483647;
			files = (
				656410C4236B9379006EF419 /* AppDelegate.swift in Sources */,
				656410F2236B9474006EF419 /* HomeViewController.swift in Sources */,
			);
			runOnlyForDeploymentPostprocessing = 0;
		};
		656410D0236B937B006EF419 /* Sources */ = {
			isa = PBXSourcesBuildPhase;
			buildActionMask = 2147483647;
			files = (
				656410D9236B937B006EF419 /* ios_projectTests.swift in Sources */,
			);
			runOnlyForDeploymentPostprocessing = 0;
		};
		656410DB236B937B006EF419 /* Sources */ = {
			isa = PBXSourcesBuildPhase;
			buildActionMask = 2147483647;
			files = (
				656410E4236B937B006EF419 /* ios_projectUITests.swift in Sources */,
			);
			runOnlyForDeploymentPostprocessing = 0;
		};
/* End PBXSourcesBuildPhase section */

/* Begin PBXTargetDependency section */
		656410D6236B937B006EF419 /* PBXTargetDependency */ = {
			isa = PBXTargetDependency;
			target = 656410BF236B9379006EF419 /* ios-project */;
			targetProxy = 656410D5236B937B006EF419 /* PBXContainerItemProxy */;
		};
		656410E1236B937B006EF419 /* PBXTargetDependency */ = {
			isa = PBXTargetDependency;
			target = 656410BF236B9379006EF419 /* ios-project */;
			targetProxy = 656410E0236B937B006EF419 /* PBXContainerItemProxy */;
		};
/* End PBXTargetDependency section */

/* Begin PBXVariantGroup section */
		656410C7236B9379006EF419 /* Main.storyboard */ = {
			isa = PBXVariantGroup;
			children = (
				656410C8236B9379006EF419 /* Base */,
			);
			name = Main.storyboard;
			sourceTree = "<group>";
		};
		656410CC236B937B006EF419 /* LaunchScreen.storyboard */ = {
			isa = PBXVariantGroup;
			children = (
				656410CD236B937B006EF419 /* Base */,
			);
			name = LaunchScreen.storyboard;
			sourceTree = "<group>";
		};
/* End PBXVariantGroup section */

/* Begin XCBuildConfiguration section */
		656410E6236B937B006EF419 /* Debug */ = {
			isa = XCBuildConfiguration;
			buildSettings = {
				ALWAYS_SEARCH_USER_PATHS = NO;
				CLANG_ANALYZER_NONNULL = YES;
				CLANG_ANALYZER_NUMBER_OBJECT_CONVERSION = YES_AGGRESSIVE;
				CLANG_CXX_LANGUAGE_STANDARD = "gnu++14";
				CLANG_CXX_LIBRARY = "libc++";
				CLANG_ENABLE_MODULES = YES;
				CLANG_ENABLE_OBJC_ARC = YES;
				CLANG_ENABLE_OBJC_WEAK = YES;
				CLANG_WARN_BLOCK_CAPTURE_AUTORELEASING = YES;
				CLANG_WARN_BOOL_CONVERSION = YES;
				CLANG_WARN_COMMA = YES;
				CLANG_WARN_CONSTANT_CONVERSION = YES;
				CLANG_WARN_DEPRECATED_OBJC_IMPLEMENTATIONS = YES;
				CLANG_WARN_DIRECT_OBJC_ISA_USAGE = YES_ERROR;
				CLANG_WARN_DOCUMENTATION_COMMENTS = YES;
				CLANG_WARN_EMPTY_BODY = YES;
				CLANG_WARN_ENUM_CONVERSION = YES;
				CLANG_WARN_INFINITE_RECURSION = YES;
				CLANG_WARN_INT_CONVERSION = YES;
				CLANG_WARN_NON_LITERAL_NULL_CONVERSION = YES;
				CLANG_WARN_OBJC_IMPLICIT_RETAIN_SELF = YES;
				CLANG_WARN_OBJC_LITERAL_CONVERSION = YES;
				CLANG_WARN_OBJC_ROOT_CLASS = YES_ERROR;
				CLANG_WARN_RANGE_LOOP_ANALYSIS = YES;
				CLANG_WARN_STRICT_PROTOTYPES = YES;
				CLANG_WARN_SUSPICIOUS_MOVE = YES;
				CLANG_WARN_UNGUARDED_AVAILABILITY = YES_AGGRESSIVE;
				CLANG_WARN_UNREACHABLE_CODE = YES;
				CLANG_WARN__DUPLICATE_METHOD_MATCH = YES;
				CODE_SIGN_IDENTITY = "iPhone Developer";
				COPY_PHASE_STRIP = NO;
				DEBUG_INFORMATION_FORMAT = dwarf;
				ENABLE_STRICT_OBJC_MSGSEND = YES;
				ENABLE_TESTABILITY = YES;
				GCC_C_LANGUAGE_STANDARD = gnu11;
				GCC_DYNAMIC_NO_PIC = NO;
				GCC_NO_COMMON_BLOCKS = YES;
				GCC_OPTIMIZATION_LEVEL = 0;
				GCC_PREPROCESSOR_DEFINITIONS = (
					"DEBUG=1",
					"$(inherited)",
				);
				GCC_WARN_64_TO_32_BIT_CONVERSION = YES;
				GCC_WARN_ABOUT_RETURN_TYPE = YES_ERROR;
				GCC_WARN_UNDECLARED_SELECTOR = YES;
				GCC_WARN_UNINITIALIZED_AUTOS = YES_AGGRESSIVE;
				GCC_WARN_UNUSED_FUNCTION = YES;
				GCC_WARN_UNUSED_VARIABLE = YES;
				IPHONEOS_DEPLOYMENT_TARGET = 11.4;
				MTL_ENABLE_DEBUG_INFO = YES;
				ONLY_ACTIVE_ARCH = YES;
				SDKROOT = iphoneos;
				SWIFT_ACTIVE_COMPILATION_CONDITIONS = DEBUG;
				SWIFT_OPTIMIZATION_LEVEL = "-Onone";
			};
			name = Debug;
		};
		656410E7236B937B006EF419 /* Release */ = {
			isa = XCBuildConfiguration;
			buildSettings = {
				ALWAYS_SEARCH_USER_PATHS = NO;
				CLANG_ANALYZER_NONNULL = YES;
				CLANG_ANALYZER_NUMBER_OBJECT_CONVERSION = YES_AGGRESSIVE;
				CLANG_CXX_LANGUAGE_STANDARD = "gnu++14";
				CLANG_CXX_LIBRARY = "libc++";
				CLANG_ENABLE_MODULES = YES;
				CLANG_ENABLE_OBJC_ARC = YES;
				CLANG_ENABLE_OBJC_WEAK = YES;
				CLANG_WARN_BLOCK_CAPTURE_AUTORELEASING = YES;
				CLANG_WARN_BOOL_CONVERSION = YES;
				CLANG_WARN_COMMA = YES;
				CLANG_WARN_CONSTANT_CONVERSION = YES;
				CLANG_WARN_DEPRECATED_OBJC_IMPLEMENTATIONS = YES;
				CLANG_WARN_DIRECT_OBJC_ISA_USAGE = YES_ERROR;
				CLANG_WARN_DOCUMENTATION_COMMENTS = YES;
				CLANG_WARN_EMPTY_BODY = YES;
				CLANG_WARN_ENUM_CONVERSION = YES;
				CLANG_WARN_INFINITE_RECURSION = YES;
				CLANG_WARN_INT_CONVERSION = YES;
				CLANG_WARN_NON_LITERAL_NULL_CONVERSION = YES;
				CLANG_WARN_OBJC_IMPLICIT_RETAIN_SELF = YES;
				CLANG_WARN_OBJC_LITERAL_CONVERSION = YES;
				CLANG_WARN_OBJC_ROOT_CLASS = YES_ERROR;
				CLANG_WARN_RANGE_LOOP_ANALYSIS = YES;
				CLANG_WARN_STRICT_PROTOTYPES = YES;
				CLANG_WARN_SUSPICIOUS_MOVE = YES;
				CLANG_WARN_UNGUARDED_AVAILABILITY = YES_AGGRESSIVE;
				CLANG_WARN_UNREACHABLE_CODE = YES;
				CLANG_WARN__DUPLICATE_METHOD_MATCH = YES;
				CODE_SIGN_IDENTITY = "iPhone Developer";
				COPY_PHASE_STRIP = NO;
				DEBUG_INFORMATION_FORMAT = "dwarf-with-dsym";
				ENABLE_NS_ASSERTIONS = NO;
				ENABLE_STRICT_OBJC_MSGSEND = YES;
				GCC_C_LANGUAGE_STANDARD = gnu11;
				GCC_NO_COMMON_BLOCKS = YES;
				GCC_WARN_64_TO_32_BIT_CONVERSION = YES;
				GCC_WARN_ABOUT_RETURN_TYPE = YES_ERROR;
				GCC_WARN_UNDECLARED_SELECTOR = YES;
				GCC_WARN_UNINITIALIZED_AUTOS = YES_AGGRESSIVE;
				GCC_WARN_UNUSED_FUNCTION = YES;
				GCC_WARN_UNUSED_VARIABLE = YES;
				IPHONEOS_DEPLOYMENT_TARGET = 11.4;
				MTL_ENABLE_DEBUG_INFO = NO;
				SDKROOT = iphoneos;
				SWIFT_COMPILATION_MODE = wholemodule;
				SWIFT_OPTIMIZATION_LEVEL = "-O";
				VALIDATE_PRODUCT = YES;
			};
			name = Release;
		};
		656410E9236B937B006EF419 /* Debug */ = {
			isa = XCBuildConfiguration;
			buildSettings = {
				ASSETCATALOG_COMPILER_APPICON_NAME = AppIcon;
				CODE_SIGN_STYLE = Automatic;
				INFOPLIST_FILE = "ios-project/Info.plist";
				LD_RUNPATH_SEARCH_PATHS = (
					"$(inherited)",
					"@executable_path/Frameworks",
				);
				PRODUCT_BUNDLE_IDENTIFIER = "AndreaAmezcua.ios-project";
				PRODUCT_NAME = "$(TARGET_NAME)";
				SWIFT_VERSION = 4.0;
				TARGETED_DEVICE_FAMILY = "1,2";
			};
			name = Debug;
		};
		656410EA236B937B006EF419 /* Release */ = {
			isa = XCBuildConfiguration;
			buildSettings = {
				ASSETCATALOG_COMPILER_APPICON_NAME = AppIcon;
				CODE_SIGN_STYLE = Automatic;
				INFOPLIST_FILE = "ios-project/Info.plist";
				LD_RUNPATH_SEARCH_PATHS = (
					"$(inherited)",
					"@executable_path/Frameworks",
				);
				PRODUCT_BUNDLE_IDENTIFIER = "AndreaAmezcua.ios-project";
				PRODUCT_NAME = "$(TARGET_NAME)";
				SWIFT_VERSION = 4.0;
				TARGETED_DEVICE_FAMILY = "1,2";
			};
			name = Release;
		};
		656410EC236B937B006EF419 /* Debug */ = {
			isa = XCBuildConfiguration;
			buildSettings = {
				ALWAYS_EMBED_SWIFT_STANDARD_LIBRARIES = YES;
				BUNDLE_LOADER = "$(TEST_HOST)";
				CODE_SIGN_STYLE = Automatic;
				INFOPLIST_FILE = "ios-projectTests/Info.plist";
				LD_RUNPATH_SEARCH_PATHS = (
					"$(inherited)",
					"@executable_path/Frameworks",
					"@loader_path/Frameworks",
				);
				PRODUCT_BUNDLE_IDENTIFIER = "AndreaAmezcua.ios-projectTests";
				PRODUCT_NAME = "$(TARGET_NAME)";
				SWIFT_VERSION = 4.0;
				TARGETED_DEVICE_FAMILY = "1,2";
				TEST_HOST = "$(BUILT_PRODUCTS_DIR)/ios-project.app/ios-project";
			};
			name = Debug;
		};
		656410ED236B937B006EF419 /* Release */ = {
			isa = XCBuildConfiguration;
			buildSettings = {
				ALWAYS_EMBED_SWIFT_STANDARD_LIBRARIES = YES;
				BUNDLE_LOADER = "$(TEST_HOST)";
				CODE_SIGN_STYLE = Automatic;
				INFOPLIST_FILE = "ios-projectTests/Info.plist";
				LD_RUNPATH_SEARCH_PATHS = (
					"$(inherited)",
					"@executable_path/Frameworks",
					"@loader_path/Frameworks",
				);
				PRODUCT_BUNDLE_IDENTIFIER = "AndreaAmezcua.ios-projectTests";
				PRODUCT_NAME = "$(TARGET_NAME)";
				SWIFT_VERSION = 4.0;
				TARGETED_DEVICE_FAMILY = "1,2";
				TEST_HOST = "$(BUILT_PRODUCTS_DIR)/ios-project.app/ios-project";
			};
			name = Release;
		};
		656410EF236B937B006EF419 /* Debug */ = {
			isa = XCBuildConfiguration;
			buildSettings = {
				ALWAYS_EMBED_SWIFT_STANDARD_LIBRARIES = YES;
				CODE_SIGN_STYLE = Automatic;
				INFOPLIST_FILE = "ios-projectUITests/Info.plist";
				LD_RUNPATH_SEARCH_PATHS = (
					"$(inherited)",
					"@executable_path/Frameworks",
					"@loader_path/Frameworks",
				);
				PRODUCT_BUNDLE_IDENTIFIER = "AndreaAmezcua.ios-projectUITests";
				PRODUCT_NAME = "$(TARGET_NAME)";
				SWIFT_VERSION = 4.0;
				TARGETED_DEVICE_FAMILY = "1,2";
				TEST_TARGET_NAME = "ios-project";
			};
			name = Debug;
		};
		656410F0236B937B006EF419 /* Release */ = {
			isa = XCBuildConfiguration;
			buildSettings = {
				ALWAYS_EMBED_SWIFT_STANDARD_LIBRARIES = YES;
				CODE_SIGN_STYLE = Automatic;
				INFOPLIST_FILE = "ios-projectUITests/Info.plist";
				LD_RUNPATH_SEARCH_PATHS = (
					"$(inherited)",
					"@executable_path/Frameworks",
					"@loader_path/Frameworks",
				);
				PRODUCT_BUNDLE_IDENTIFIER = "AndreaAmezcua.ios-projectUITests";
				PRODUCT_NAME = "$(TARGET_NAME)";
				SWIFT_VERSION = 4.0;
				TARGETED_DEVICE_FAMILY = "1,2";
				TEST_TARGET_NAME = "ios-project";
			};
			name = Release;
		};
/* End XCBuildConfiguration section */

/* Begin XCConfigurationList section */
		656410BB236B9379006EF419 /* Build configuration list for PBXProject "ios-project" */ = {
			isa = XCConfigurationList;
			buildConfigurations = (
				656410E6236B937B006EF419 /* Debug */,
				656410E7236B937B006EF419 /* Release */,
			);
			defaultConfigurationIsVisible = 0;
			defaultConfigurationName = Release;
		};
		656410E8236B937B006EF419 /* Build configuration list for PBXNativeTarget "ios-project" */ = {
			isa = XCConfigurationList;
			buildConfigurations = (
				656410E9236B937B006EF419 /* Debug */,
				656410EA236B937B006EF419 /* Release */,
			);
			defaultConfigurationIsVisible = 0;
			defaultConfigurationName = Release;
		};
		656410EB236B937B006EF419 /* Build configuration list for PBXNativeTarget "ios-projectTests" */ = {
			isa = XCConfigurationList;
			buildConfigurations = (
				656410EC236B937B006EF419 /* Debug */,
				656410ED236B937B006EF419 /* Release */,
			);
			defaultConfigurationIsVisible = 0;
			defaultConfigurationName = Release;
		};
		656410EE236B937B006EF419 /* Build configuration list for PBXNativeTarget "ios-projectUITests" */ = {
			isa = XCConfigurationList;
			buildConfigurations = (
				656410EF236B937B006EF419 /* Debug */,
				656410F0236B937B006EF419 /* Release */,
			);
			defaultConfigurationIsVisible = 0;
			defaultConfigurationName = Release;
		};
/* End XCConfigurationList section */
	};
	rootObject = 656410B8236B9379006EF419 /* Project object */;
}
